// !$*UTF8*$!
{
	archiveVersion = 1;
	classes = {
	};
	objectVersion = 46;
	objects = {

/* Begin PBXBuildFile section */
		5B0D31241D8AECDF00CF47CF /* hehe.js in Resources */ = {isa = PBXBuildFile; fileRef = 5B0D31231D8AECDF00CF47CF /* hehe.js */; };
		5B0D31261D8AED0900CF47CF /* UIKit.framework in Frameworks */ = {isa = PBXBuildFile; fileRef = 5B0D31251D8AED0900CF47CF /* UIKit.framework */; };
		5B0D31291D8AEF6100CF47CF /* ImageDownloadder.m in Sources */ = {isa = PBXBuildFile; fileRef = 5B0D31281D8AEF6100CF47CF /* ImageDownloadder.m */; };
		5B0D317F1D8AFF2500CF47CF /* MKAnnotationView+WebCache.m in Sources */ = {isa = PBXBuildFile; fileRef = 5B0D315F1D8AFF2500CF47CF /* MKAnnotationView+WebCache.m */; };
		5B0D31801D8AFF2500CF47CF /* NSData+ImageContentType.m in Sources */ = {isa = PBXBuildFile; fileRef = 5B0D31611D8AFF2500CF47CF /* NSData+ImageContentType.m */; };
		5B0D31811D8AFF2500CF47CF /* SDImageCache.m in Sources */ = {isa = PBXBuildFile; fileRef = 5B0D31631D8AFF2500CF47CF /* SDImageCache.m */; };
		5B0D31821D8AFF2500CF47CF /* SDWebImageCompat.m in Sources */ = {isa = PBXBuildFile; fileRef = 5B0D31651D8AFF2500CF47CF /* SDWebImageCompat.m */; };
		5B0D31831D8AFF2500CF47CF /* SDWebImageDecoder.m in Sources */ = {isa = PBXBuildFile; fileRef = 5B0D31671D8AFF2500CF47CF /* SDWebImageDecoder.m */; };
		5B0D31841D8AFF2500CF47CF /* SDWebImageDownloader.m in Sources */ = {isa = PBXBuildFile; fileRef = 5B0D31691D8AFF2500CF47CF /* SDWebImageDownloader.m */; };
		5B0D31851D8AFF2500CF47CF /* SDWebImageDownloaderOperation.m in Sources */ = {isa = PBXBuildFile; fileRef = 5B0D316B1D8AFF2500CF47CF /* SDWebImageDownloaderOperation.m */; };
		5B0D31861D8AFF2500CF47CF /* SDWebImageManager.m in Sources */ = {isa = PBXBuildFile; fileRef = 5B0D316D1D8AFF2500CF47CF /* SDWebImageManager.m */; };
		5B0D31871D8AFF2500CF47CF /* SDWebImagePrefetcher.m in Sources */ = {isa = PBXBuildFile; fileRef = 5B0D31701D8AFF2500CF47CF /* SDWebImagePrefetcher.m */; };
		5B0D31881D8AFF2500CF47CF /* UIButton+WebCache.m in Sources */ = {isa = PBXBuildFile; fileRef = 5B0D31721D8AFF2500CF47CF /* UIButton+WebCache.m */; };
		5B0D31891D8AFF2500CF47CF /* UIImage+GIF.m in Sources */ = {isa = PBXBuildFile; fileRef = 5B0D31741D8AFF2500CF47CF /* UIImage+GIF.m */; };
		5B0D318A1D8AFF2500CF47CF /* UIImage+MultiFormat.m in Sources */ = {isa = PBXBuildFile; fileRef = 5B0D31761D8AFF2500CF47CF /* UIImage+MultiFormat.m */; };
		5B0D318B1D8AFF2500CF47CF /* UIImage+WebP.m in Sources */ = {isa = PBXBuildFile; fileRef = 5B0D31781D8AFF2500CF47CF /* UIImage+WebP.m */; };
		5B0D318C1D8AFF2500CF47CF /* UIImageView+HighlightedWebCache.m in Sources */ = {isa = PBXBuildFile; fileRef = 5B0D317A1D8AFF2500CF47CF /* UIImageView+HighlightedWebCache.m */; };
		5B0D318D1D8AFF2500CF47CF /* UIImageView+WebCache.m in Sources */ = {isa = PBXBuildFile; fileRef = 5B0D317C1D8AFF2500CF47CF /* UIImageView+WebCache.m */; };
		5B0D318E1D8AFF2500CF47CF /* UIView+WebCacheOperation.m in Sources */ = {isa = PBXBuildFile; fileRef = 5B0D317E1D8AFF2500CF47CF /* UIView+WebCacheOperation.m */; };
		5BED4CE11D899EB7009220B8 /* main.m in Sources */ = {isa = PBXBuildFile; fileRef = 5BED4CE01D899EB7009220B8 /* main.m */; };
		5BED4CE41D899EB7009220B8 /* AppDelegate.m in Sources */ = {isa = PBXBuildFile; fileRef = 5BED4CE31D899EB7009220B8 /* AppDelegate.m */; };
		5BED4CE71D899EB7009220B8 /* ViewController.m in Sources */ = {isa = PBXBuildFile; fileRef = 5BED4CE61D899EB7009220B8 /* ViewController.m */; };
		5BED4CEA1D899EB7009220B8 /* Main.storyboard in Resources */ = {isa = PBXBuildFile; fileRef = 5BED4CE81D899EB7009220B8 /* Main.storyboard */; };
		5BED4CEC1D899EB7009220B8 /* Assets.xcassets in Resources */ = {isa = PBXBuildFile; fileRef = 5BED4CEB1D899EB7009220B8 /* Assets.xcassets */; };
		5BED4CEF1D899EB7009220B8 /* LaunchScreen.storyboard in Resources */ = {isa = PBXBuildFile; fileRef = 5BED4CED1D899EB7009220B8 /* LaunchScreen.storyboard */; };
		5BED4CFE1D899F00009220B8 /* animation.js in Resources */ = {isa = PBXBuildFile; fileRef = 5BED4CF71D899F00009220B8 /* animation.js */; };
		5BED4CFF1D899F00009220B8 /* hello.js in Resources */ = {isa = PBXBuildFile; fileRef = 5BED4CF81D899F00009220B8 /* hello.js */; };
		5BED4D001D899F00009220B8 /* index.js in Resources */ = {isa = PBXBuildFile; fileRef = 5BED4CF91D899F00009220B8 /* index.js */; };
		5BED4D011D899F00009220B8 /* template.js in Resources */ = {isa = PBXBuildFile; fileRef = 5BED4CFA1D899F00009220B8 /* template.js */; };
		5BED4D021D899F00009220B8 /* text-demo.js in Resources */ = {isa = PBXBuildFile; fileRef = 5BED4CFB1D899F00009220B8 /* text-demo.js */; };
		5BED4D031D899F00009220B8 /* video-demo.js in Resources */ = {isa = PBXBuildFile; fileRef = 5BED4CFC1D899F00009220B8 /* video-demo.js */; };
		5BED4D041D899F00009220B8 /* web-demo.js in Resources */ = {isa = PBXBuildFile; fileRef = 5BED4CFD1D899F00009220B8 /* web-demo.js */; };
		5BED4D071D899F61009220B8 /* CoreMedia.framework in Frameworks */ = {isa = PBXBuildFile; fileRef = 5BED4D061D899F61009220B8 /* CoreMedia.framework */; };
		5BED4D091D899F74009220B8 /* MediaPlayer.framework in Frameworks */ = {isa = PBXBuildFile; fileRef = 5BED4D081D899F74009220B8 /* MediaPlayer.framework */; };
		5BED4D0B1D899F7B009220B8 /* AVFoundation.framework in Frameworks */ = {isa = PBXBuildFile; fileRef = 5BED4D0A1D899F7B009220B8 /* AVFoundation.framework */; };
		5BED4D0D1D899F82009220B8 /* AVKit.framework in Frameworks */ = {isa = PBXBuildFile; fileRef = 5BED4D0C1D899F82009220B8 /* AVKit.framework */; };
		5BED4D0F1D899F8C009220B8 /* libicucore.tbd in Frameworks */ = {isa = PBXBuildFile; fileRef = 5BED4D0E1D899F8C009220B8 /* libicucore.tbd */; };
		5BED4D111D899F94009220B8 /* JavaScriptCore.framework in Frameworks */ = {isa = PBXBuildFile; fileRef = 5BED4D101D899F94009220B8 /* JavaScriptCore.framework */; };
		5BED4D141D89A0A5009220B8 /* WeexSDK.framework in Frameworks */ = {isa = PBXBuildFile; fileRef = 5BED4D131D89A0A5009220B8 /* WeexSDK.framework */; };
		5BED4D181D89A13D009220B8 /* SRWebSocket.m in Sources */ = {isa = PBXBuildFile; fileRef = 5BED4D171D89A13D009220B8 /* SRWebSocket.m */; };
		5BED4D1A1D89A263009220B8 /* main.js in Resources */ = {isa = PBXBuildFile; fileRef = 5BED4D191D89A263009220B8 /* main.js */; };
/* End PBXBuildFile section */

/* Begin PBXFileReference section */
		5B0D31231D8AECDF00CF47CF /* hehe.js */ = {isa = PBXFileReference; fileEncoding = 4; lastKnownFileType = sourcecode.javascript; path = hehe.js; sourceTree = "<group>"; };
		5B0D31251D8AED0900CF47CF /* UIKit.framework */ = {isa = PBXFileReference; lastKnownFileType = wrapper.framework; name = UIKit.framework; path = System/Library/Frameworks/UIKit.framework; sourceTree = SDKROOT; };
		5B0D31271D8AEF6100CF47CF /* ImageDownloadder.h */ = {isa = PBXFileReference; fileEncoding = 4; lastKnownFileType = sourcecode.c.h; path = ImageDownloadder.h; sourceTree = "<group>"; };
		5B0D31281D8AEF6100CF47CF /* ImageDownloadder.m */ = {isa = PBXFileReference; fileEncoding = 4; lastKnownFileType = sourcecode.c.objc; path = ImageDownloadder.m; sourceTree = "<group>"; };
		5B0D315E1D8AFF2500CF47CF /* MKAnnotationView+WebCache.h */ = {isa = PBXFileReference; fileEncoding = 4; lastKnownFileType = sourcecode.c.h; path = "MKAnnotationView+WebCache.h"; sourceTree = "<group>"; };
		5B0D315F1D8AFF2500CF47CF /* MKAnnotationView+WebCache.m */ = {isa = PBXFileReference; fileEncoding = 4; lastKnownFileType = sourcecode.c.objc; path = "MKAnnotationView+WebCache.m"; sourceTree = "<group>"; };
		5B0D31601D8AFF2500CF47CF /* NSData+ImageContentType.h */ = {isa = PBXFileReference; fileEncoding = 4; lastKnownFileType = sourcecode.c.h; path = "NSData+ImageContentType.h"; sourceTree = "<group>"; };
		5B0D31611D8AFF2500CF47CF /* NSData+ImageContentType.m */ = {isa = PBXFileReference; fileEncoding = 4; lastKnownFileType = sourcecode.c.objc; path = "NSData+ImageContentType.m"; sourceTree = "<group>"; };
		5B0D31621D8AFF2500CF47CF /* SDImageCache.h */ = {isa = PBXFileReference; fileEncoding = 4; lastKnownFileType = sourcecode.c.h; path = SDImageCache.h; sourceTree = "<group>"; };
		5B0D31631D8AFF2500CF47CF /* SDImageCache.m */ = {isa = PBXFileReference; fileEncoding = 4; lastKnownFileType = sourcecode.c.objc; path = SDImageCache.m; sourceTree = "<group>"; };
		5B0D31641D8AFF2500CF47CF /* SDWebImageCompat.h */ = {isa = PBXFileReference; fileEncoding = 4; lastKnownFileType = sourcecode.c.h; path = SDWebImageCompat.h; sourceTree = "<group>"; };
		5B0D31651D8AFF2500CF47CF /* SDWebImageCompat.m */ = {isa = PBXFileReference; fileEncoding = 4; lastKnownFileType = sourcecode.c.objc; path = SDWebImageCompat.m; sourceTree = "<group>"; };
		5B0D31661D8AFF2500CF47CF /* SDWebImageDecoder.h */ = {isa = PBXFileReference; fileEncoding = 4; lastKnownFileType = sourcecode.c.h; path = SDWebImageDecoder.h; sourceTree = "<group>"; };
		5B0D31671D8AFF2500CF47CF /* SDWebImageDecoder.m */ = {isa = PBXFileReference; fileEncoding = 4; lastKnownFileType = sourcecode.c.objc; path = SDWebImageDecoder.m; sourceTree = "<group>"; };
		5B0D31681D8AFF2500CF47CF /* SDWebImageDownloader.h */ = {isa = PBXFileReference; fileEncoding = 4; lastKnownFileType = sourcecode.c.h; path = SDWebImageDownloader.h; sourceTree = "<group>"; };
		5B0D31691D8AFF2500CF47CF /* SDWebImageDownloader.m */ = {isa = PBXFileReference; fileEncoding = 4; lastKnownFileType = sourcecode.c.objc; path = SDWebImageDownloader.m; sourceTree = "<group>"; };
		5B0D316A1D8AFF2500CF47CF /* SDWebImageDownloaderOperation.h */ = {isa = PBXFileReference; fileEncoding = 4; lastKnownFileType = sourcecode.c.h; path = SDWebImageDownloaderOperation.h; sourceTree = "<group>"; };
		5B0D316B1D8AFF2500CF47CF /* SDWebImageDownloaderOperation.m */ = {isa = PBXFileReference; fileEncoding = 4; lastKnownFileType = sourcecode.c.objc; path = SDWebImageDownloaderOperation.m; sourceTree = "<group>"; };
		5B0D316C1D8AFF2500CF47CF /* SDWebImageManager.h */ = {isa = PBXFileReference; fileEncoding = 4; lastKnownFileType = sourcecode.c.h; path = SDWebImageManager.h; sourceTree = "<group>"; };
		5B0D316D1D8AFF2500CF47CF /* SDWebImageManager.m */ = {isa = PBXFileReference; fileEncoding = 4; lastKnownFileType = sourcecode.c.objc; path = SDWebImageManager.m; sourceTree = "<group>"; };
		5B0D316E1D8AFF2500CF47CF /* SDWebImageOperation.h */ = {isa = PBXFileReference; fileEncoding = 4; lastKnownFileType = sourcecode.c.h; path = SDWebImageOperation.h; sourceTree = "<group>"; };
		5B0D316F1D8AFF2500CF47CF /* SDWebImagePrefetcher.h */ = {isa = PBXFileReference; fileEncoding = 4; lastKnownFileType = sourcecode.c.h; path = SDWebImagePrefetcher.h; sourceTree = "<group>"; };
		5B0D31701D8AFF2500CF47CF /* SDWebImagePrefetcher.m */ = {isa = PBXFileReference; fileEncoding = 4; lastKnownFileType = sourcecode.c.objc; path = SDWebImagePrefetcher.m; sourceTree = "<group>"; };
		5B0D31711D8AFF2500CF47CF /* UIButton+WebCache.h */ = {isa = PBXFileReference; fileEncoding = 4; lastKnownFileType = sourcecode.c.h; path = "UIButton+WebCache.h"; sourceTree = "<group>"; };
		5B0D31721D8AFF2500CF47CF /* UIButton+WebCache.m */ = {isa = PBXFileReference; fileEncoding = 4; lastKnownFileType = sourcecode.c.objc; path = "UIButton+WebCache.m"; sourceTree = "<group>"; };
		5B0D31731D8AFF2500CF47CF /* UIImage+GIF.h */ = {isa = PBXFileReference; fileEncoding = 4; lastKnownFileType = sourcecode.c.h; path = "UIImage+GIF.h"; sourceTree = "<group>"; };
		5B0D31741D8AFF2500CF47CF /* UIImage+GIF.m */ = {isa = PBXFileReference; fileEncoding = 4; lastKnownFileType = sourcecode.c.objc; path = "UIImage+GIF.m"; sourceTree = "<group>"; };
		5B0D31751D8AFF2500CF47CF /* UIImage+MultiFormat.h */ = {isa = PBXFileReference; fileEncoding = 4; lastKnownFileType = sourcecode.c.h; path = "UIImage+MultiFormat.h"; sourceTree = "<group>"; };
		5B0D31761D8AFF2500CF47CF /* UIImage+MultiFormat.m */ = {isa = PBXFileReference; fileEncoding = 4; lastKnownFileType = sourcecode.c.objc; path = "UIImage+MultiFormat.m"; sourceTree = "<group>"; };
		5B0D31771D8AFF2500CF47CF /* UIImage+WebP.h */ = {isa = PBXFileReference; fileEncoding = 4; lastKnownFileType = sourcecode.c.h; path = "UIImage+WebP.h"; sourceTree = "<group>"; };
		5B0D31781D8AFF2500CF47CF /* UIImage+WebP.m */ = {isa = PBXFileReference; fileEncoding = 4; lastKnownFileType = sourcecode.c.objc; path = "UIImage+WebP.m"; sourceTree = "<group>"; };
		5B0D31791D8AFF2500CF47CF /* UIImageView+HighlightedWebCache.h */ = {isa = PBXFileReference; fileEncoding = 4; lastKnownFileType = sourcecode.c.h; path = "UIImageView+HighlightedWebCache.h"; sourceTree = "<group>"; };
		5B0D317A1D8AFF2500CF47CF /* UIImageView+HighlightedWebCache.m */ = {isa = PBXFileReference; fileEncoding = 4; lastKnownFileType = sourcecode.c.objc; path = "UIImageView+HighlightedWebCache.m"; sourceTree = "<group>"; };
		5B0D317B1D8AFF2500CF47CF /* UIImageView+WebCache.h */ = {isa = PBXFileReference; fileEncoding = 4; lastKnownFileType = sourcecode.c.h; path = "UIImageView+WebCache.h"; sourceTree = "<group>"; };
		5B0D317C1D8AFF2500CF47CF /* UIImageView+WebCache.m */ = {isa = PBXFileReference; fileEncoding = 4; lastKnownFileType = sourcecode.c.objc; path = "UIImageView+WebCache.m"; sourceTree = "<group>"; };
		5B0D317D1D8AFF2500CF47CF /* UIView+WebCacheOperation.h */ = {isa = PBXFileReference; fileEncoding = 4; lastKnownFileType = sourcecode.c.h; path = "UIView+WebCacheOperation.h"; sourceTree = "<group>"; };
		5B0D317E1D8AFF2500CF47CF /* UIView+WebCacheOperation.m */ = {isa = PBXFileReference; fileEncoding = 4; lastKnownFileType = sourcecode.c.objc; path = "UIView+WebCacheOperation.m"; sourceTree = "<group>"; };
		5BED4CDC1D899EB7009220B8 /* WeexDemo.app */ = {isa = PBXFileReference; explicitFileType = wrapper.application; includeInIndex = 0; path = WeexDemo.app; sourceTree = BUILT_PRODUCTS_DIR; };
		5BED4CE01D899EB7009220B8 /* main.m */ = {isa = PBXFileReference; lastKnownFileType = sourcecode.c.objc; path = main.m; sourceTree = "<group>"; };
		5BED4CE21D899EB7009220B8 /* AppDelegate.h */ = {isa = PBXFileReference; lastKnownFileType = sourcecode.c.h; path = AppDelegate.h; sourceTree = "<group>"; };
		5BED4CE31D899EB7009220B8 /* AppDelegate.m */ = {isa = PBXFileReference; lastKnownFileType = sourcecode.c.objc; path = AppDelegate.m; sourceTree = "<group>"; };
		5BED4CE51D899EB7009220B8 /* ViewController.h */ = {isa = PBXFileReference; lastKnownFileType = sourcecode.c.h; path = ViewController.h; sourceTree = "<group>"; };
		5BED4CE61D899EB7009220B8 /* ViewController.m */ = {isa = PBXFileReference; lastKnownFileType = sourcecode.c.objc; path = ViewController.m; sourceTree = "<group>"; };
		5BED4CE91D899EB7009220B8 /* Base */ = {isa = PBXFileReference; lastKnownFileType = file.storyboard; name = Base; path = Base.lproj/Main.storyboard; sourceTree = "<group>"; };
		5BED4CEB1D899EB7009220B8 /* Assets.xcassets */ = {isa = PBXFileReference; lastKnownFileType = folder.assetcatalog; path = Assets.xcassets; sourceTree = "<group>"; };
		5BED4CEE1D899EB7009220B8 /* Base */ = {isa = PBXFileReference; lastKnownFileType = file.storyboard; name = Base; path = Base.lproj/LaunchScreen.storyboard; sourceTree = "<group>"; };
		5BED4CF01D899EB7009220B8 /* Info.plist */ = {isa = PBXFileReference; lastKnownFileType = text.plist.xml; path = Info.plist; sourceTree = "<group>"; };
		5BED4CF71D899F00009220B8 /* animation.js */ = {isa = PBXFileReference; fileEncoding = 4; lastKnownFileType = sourcecode.javascript; name = animation.js; path = bundlejs/animation.js; sourceTree = SOURCE_ROOT; };
		5BED4CF81D899F00009220B8 /* hello.js */ = {isa = PBXFileReference; fileEncoding = 4; lastKnownFileType = sourcecode.javascript; name = hello.js; path = bundlejs/hello.js; sourceTree = SOURCE_ROOT; };
		5BED4CF91D899F00009220B8 /* index.js */ = {isa = PBXFileReference; fileEncoding = 4; lastKnownFileType = sourcecode.javascript; name = index.js; path = bundlejs/index.js; sourceTree = SOURCE_ROOT; };
		5BED4CFA1D899F00009220B8 /* template.js */ = {isa = PBXFileReference; fileEncoding = 4; lastKnownFileType = sourcecode.javascript; name = template.js; path = bundlejs/template.js; sourceTree = SOURCE_ROOT; };
		5BED4CFB1D899F00009220B8 /* text-demo.js */ = {isa = PBXFileReference; fileEncoding = 4; lastKnownFileType = sourcecode.javascript; name = "text-demo.js"; path = "bundlejs/text-demo.js"; sourceTree = SOURCE_ROOT; };
		5BED4CFC1D899F00009220B8 /* video-demo.js */ = {isa = PBXFileReference; fileEncoding = 4; lastKnownFileType = sourcecode.javascript; name = "video-demo.js"; path = "bundlejs/video-demo.js"; sourceTree = SOURCE_ROOT; };
		5BED4CFD1D899F00009220B8 /* web-demo.js */ = {isa = PBXFileReference; fileEncoding = 4; lastKnownFileType = sourcecode.javascript; name = "web-demo.js"; path = "bundlejs/web-demo.js"; sourceTree = SOURCE_ROOT; };
		5BED4D061D899F61009220B8 /* CoreMedia.framework */ = {isa = PBXFileReference; lastKnownFileType = wrapper.framework; name = CoreMedia.framework; path = System/Library/Frameworks/CoreMedia.framework; sourceTree = SDKROOT; };
		5BED4D081D899F74009220B8 /* MediaPlayer.framework */ = {isa = PBXFileReference; lastKnownFileType = wrapper.framework; name = MediaPlayer.framework; path = System/Library/Frameworks/MediaPlayer.framework; sourceTree = SDKROOT; };
		5BED4D0A1D899F7B009220B8 /* AVFoundation.framework */ = {isa = PBXFileReference; lastKnownFileType = wrapper.framework; name = AVFoundation.framework; path = System/Library/Frameworks/AVFoundation.framework; sourceTree = SDKROOT; };
		5BED4D0C1D899F82009220B8 /* AVKit.framework */ = {isa = PBXFileReference; lastKnownFileType = wrapper.framework; name = AVKit.framework; path = System/Library/Frameworks/AVKit.framework; sourceTree = SDKROOT; };
		5BED4D0E1D899F8C009220B8 /* libicucore.tbd */ = {isa = PBXFileReference; lastKnownFileType = "sourcecode.text-based-dylib-definition"; name = libicucore.tbd; path = usr/lib/libicucore.tbd; sourceTree = SDKROOT; };
		5BED4D101D899F94009220B8 /* JavaScriptCore.framework */ = {isa = PBXFileReference; lastKnownFileType = wrapper.framework; name = JavaScriptCore.framework; path = System/Library/Frameworks/JavaScriptCore.framework; sourceTree = SDKROOT; };
		5BED4D131D89A0A5009220B8 /* WeexSDK.framework */ = {isa = PBXFileReference; lastKnownFileType = wrapper.framework; path = WeexSDK.framework; sourceTree = "<group>"; };
		5BED4D161D89A13D009220B8 /* SRWebSocket.h */ = {isa = PBXFileReference; fileEncoding = 4; lastKnownFileType = sourcecode.c.h; path = SRWebSocket.h; sourceTree = "<group>"; };
		5BED4D171D89A13D009220B8 /* SRWebSocket.m */ = {isa = PBXFileReference; fileEncoding = 4; lastKnownFileType = sourcecode.c.objc; path = SRWebSocket.m; sourceTree = "<group>"; };
		5BED4D191D89A263009220B8 /* main.js */ = {isa = PBXFileReference; lastKnownFileType = sourcecode.javascript; name = main.js; path = lib/WeexSDK.framework/main.js; sourceTree = "<group>"; };
/* End PBXFileReference section */

/* Begin PBXFrameworksBuildPhase section */
		5BED4CD91D899EB7009220B8 /* Frameworks */ = {
			isa = PBXFrameworksBuildPhase;
			buildActionMask = 2147483647;
			files = (
				5B0D31261D8AED0900CF47CF /* UIKit.framework in Frameworks */,
				5BED4D141D89A0A5009220B8 /* WeexSDK.framework in Frameworks */,
				5BED4D111D899F94009220B8 /* JavaScriptCore.framework in Frameworks */,
				5BED4D0F1D899F8C009220B8 /* libicucore.tbd in Frameworks */,
				5BED4D0D1D899F82009220B8 /* AVKit.framework in Frameworks */,
				5BED4D0B1D899F7B009220B8 /* AVFoundation.framework in Frameworks */,
				5BED4D091D899F74009220B8 /* MediaPlayer.framework in Frameworks */,
				5BED4D071D899F61009220B8 /* CoreMedia.framework in Frameworks */,
			);
			runOnlyForDeploymentPostprocessing = 0;
		};
/* End PBXFrameworksBuildPhase section */

/* Begin PBXGroup section */
		5B0D312A1D8AF4EB00CF47CF /* ThirdFrameworks */ = {
			isa = PBXGroup;
			children = (
				5B0D315D1D8AFF2500CF47CF /* SDWebImage */,
			);
			path = ThirdFrameworks;
			sourceTree = "<group>";
		};
		5B0D315D1D8AFF2500CF47CF /* SDWebImage */ = {
			isa = PBXGroup;
			children = (
				5B0D315E1D8AFF2500CF47CF /* MKAnnotationView+WebCache.h */,
				5B0D315F1D8AFF2500CF47CF /* MKAnnotationView+WebCache.m */,
				5B0D31601D8AFF2500CF47CF /* NSData+ImageContentType.h */,
				5B0D31611D8AFF2500CF47CF /* NSData+ImageContentType.m */,
				5B0D31621D8AFF2500CF47CF /* SDImageCache.h */,
				5B0D31631D8AFF2500CF47CF /* SDImageCache.m */,
				5B0D31641D8AFF2500CF47CF /* SDWebImageCompat.h */,
				5B0D31651D8AFF2500CF47CF /* SDWebImageCompat.m */,
				5B0D31661D8AFF2500CF47CF /* SDWebImageDecoder.h */,
				5B0D31671D8AFF2500CF47CF /* SDWebImageDecoder.m */,
				5B0D31681D8AFF2500CF47CF /* SDWebImageDownloader.h */,
				5B0D31691D8AFF2500CF47CF /* SDWebImageDownloader.m */,
				5B0D316A1D8AFF2500CF47CF /* SDWebImageDownloaderOperation.h */,
				5B0D316B1D8AFF2500CF47CF /* SDWebImageDownloaderOperation.m */,
				5B0D316C1D8AFF2500CF47CF /* SDWebImageManager.h */,
				5B0D316D1D8AFF2500CF47CF /* SDWebImageManager.m */,
				5B0D316E1D8AFF2500CF47CF /* SDWebImageOperation.h */,
				5B0D316F1D8AFF2500CF47CF /* SDWebImagePrefetcher.h */,
				5B0D31701D8AFF2500CF47CF /* SDWebImagePrefetcher.m */,
				5B0D31711D8AFF2500CF47CF /* UIButton+WebCache.h */,
				5B0D31721D8AFF2500CF47CF /* UIButton+WebCache.m */,
				5B0D31731D8AFF2500CF47CF /* UIImage+GIF.h */,
				5B0D31741D8AFF2500CF47CF /* UIImage+GIF.m */,
				5B0D31751D8AFF2500CF47CF /* UIImage+MultiFormat.h */,
				5B0D31761D8AFF2500CF47CF /* UIImage+MultiFormat.m */,
				5B0D31771D8AFF2500CF47CF /* UIImage+WebP.h */,
				5B0D31781D8AFF2500CF47CF /* UIImage+WebP.m */,
				5B0D31791D8AFF2500CF47CF /* UIImageView+HighlightedWebCache.h */,
				5B0D317A1D8AFF2500CF47CF /* UIImageView+HighlightedWebCache.m */,
				5B0D317B1D8AFF2500CF47CF /* UIImageView+WebCache.h */,
				5B0D317C1D8AFF2500CF47CF /* UIImageView+WebCache.m */,
				5B0D317D1D8AFF2500CF47CF /* UIView+WebCacheOperation.h */,
				5B0D317E1D8AFF2500CF47CF /* UIView+WebCacheOperation.m */,
			);
			path = SDWebImage;
			sourceTree = "<group>";
		};
		5BED4CD31D899EB7009220B8 = {
			isa = PBXGroup;
			children = (
				5BED4D191D89A263009220B8 /* main.js */,
				5BED4CF61D899EEB009220B8 /* resource */,
				5BED4D121D89A0A5009220B8 /* lib */,
				5BED4CDE1D899EB7009220B8 /* WeexDemo */,
				5BED4CDD1D899EB7009220B8 /* Products */,
				5BED4D051D899F0D009220B8 /* Frameworks */,
			);
			sourceTree = "<group>";
		};
		5BED4CDD1D899EB7009220B8 /* Products */ = {
			isa = PBXGroup;
			children = (
				5BED4CDC1D899EB7009220B8 /* WeexDemo.app */,
			);
			name = Products;
			sourceTree = "<group>";
		};
		5BED4CDE1D899EB7009220B8 /* WeexDemo */ = {
			isa = PBXGroup;
			children = (
				5BED4D151D89A11D009220B8 /* depedency */,
				5BED4CE21D899EB7009220B8 /* AppDelegate.h */,
				5BED4CE31D899EB7009220B8 /* AppDelegate.m */,
				5BED4CE51D899EB7009220B8 /* ViewController.h */,
				5BED4CE61D899EB7009220B8 /* ViewController.m */,
				5B0D31271D8AEF6100CF47CF /* ImageDownloadder.h */,
				5B0D31281D8AEF6100CF47CF /* ImageDownloadder.m */,
				5BED4CE81D899EB7009220B8 /* Main.storyboard */,
				5BED4CEB1D899EB7009220B8 /* Assets.xcassets */,
				5BED4CED1D899EB7009220B8 /* LaunchScreen.storyboard */,
				5B0D312A1D8AF4EB00CF47CF /* ThirdFrameworks */,
				5BED4CF01D899EB7009220B8 /* Info.plist */,
				5BED4CDF1D899EB7009220B8 /* Supporting Files */,
			);
			path = WeexDemo;
			sourceTree = "<group>";
		};
		5BED4CDF1D899EB7009220B8 /* Supporting Files */ = {
			isa = PBXGroup;
			children = (
				5BED4CE01D899EB7009220B8 /* main.m */,
			);
			name = "Supporting Files";
			sourceTree = "<group>";
		};
		5BED4CF61D899EEB009220B8 /* resource */ = {
			isa = PBXGroup;
			children = (
				5B0D31231D8AECDF00CF47CF /* hehe.js */,
				5BED4CF71D899F00009220B8 /* animation.js */,
				5BED4CF81D899F00009220B8 /* hello.js */,
				5BED4CF91D899F00009220B8 /* index.js */,
				5BED4CFA1D899F00009220B8 /* template.js */,
				5BED4CFB1D899F00009220B8 /* text-demo.js */,
				5BED4CFC1D899F00009220B8 /* video-demo.js */,
				5BED4CFD1D899F00009220B8 /* web-demo.js */,
			);
			name = resource;
			path = WeexDemo;
			sourceTree = "<group>";
		};
		5BED4D051D899F0D009220B8 /* Frameworks */ = {
			isa = PBXGroup;
			children = (
				5B0D31251D8AED0900CF47CF /* UIKit.framework */,
				5BED4D101D899F94009220B8 /* JavaScriptCore.framework */,
				5BED4D0E1D899F8C009220B8 /* libicucore.tbd */,
				5BED4D0C1D899F82009220B8 /* AVKit.framework */,
				5BED4D0A1D899F7B009220B8 /* AVFoundation.framework */,
				5BED4D081D899F74009220B8 /* MediaPlayer.framework */,
				5BED4D061D899F61009220B8 /* CoreMedia.framework */,
			);
			name = Frameworks;
			sourceTree = "<group>";
		};
		5BED4D121D89A0A5009220B8 /* lib */ = {
			isa = PBXGroup;
			children = (
				5BED4D131D89A0A5009220B8 /* WeexSDK.framework */,
			);
			path = lib;
			sourceTree = "<group>";
		};
		5BED4D151D89A11D009220B8 /* depedency */ = {
			isa = PBXGroup;
			children = (
				5BED4D161D89A13D009220B8 /* SRWebSocket.h */,
				5BED4D171D89A13D009220B8 /* SRWebSocket.m */,
			);
			name = depedency;
			sourceTree = "<group>";
		};
/* End PBXGroup section */

/* Begin PBXNativeTarget section */
		5BED4CDB1D899EB7009220B8 /* WeexDemo */ = {
			isa = PBXNativeTarget;
			buildConfigurationList = 5BED4CF31D899EB7009220B8 /* Build configuration list for PBXNativeTarget "WeexDemo" */;
			buildPhases = (
				5BED4CD81D899EB7009220B8 /* Sources */,
				5BED4CD91D899EB7009220B8 /* Frameworks */,
				5BED4CDA1D899EB7009220B8 /* Resources */,
			);
			buildRules = (
			);
			dependencies = (
			);
			name = WeexDemo;
			productName = WeexDemo;
			productReference = 5BED4CDC1D899EB7009220B8 /* WeexDemo.app */;
			productType = "com.apple.product-type.application";
		};
/* End PBXNativeTarget section */

/* Begin PBXProject section */
		5BED4CD41D899EB7009220B8 /* Project object */ = {
			isa = PBXProject;
			attributes = {
				LastUpgradeCheck = 0730;
				ORGANIZATIONNAME = voidxin;
				TargetAttributes = {
					5BED4CDB1D899EB7009220B8 = {
						CreatedOnToolsVersion = 7.3.1;
					};
				};
			};
			buildConfigurationList = 5BED4CD71D899EB7009220B8 /* Build configuration list for PBXProject "WeexDemo" */;
			compatibilityVersion = "Xcode 3.2";
			developmentRegion = English;
			hasScannedForEncodings = 0;
			knownRegions = (
				en,
				Base,
			);
			mainGroup = 5BED4CD31D899EB7009220B8;
			productRefGroup = 5BED4CDD1D899EB7009220B8 /* Products */;
			projectDirPath = "";
			projectRoot = "";
			targets = (
				5BED4CDB1D899EB7009220B8 /* WeexDemo */,
			);
		};
/* End PBXProject section */

/* Begin PBXResourcesBuildPhase section */
		5BED4CDA1D899EB7009220B8 /* Resources */ = {
			isa = PBXResourcesBuildPhase;
			buildActionMask = 2147483647;
			files = (
				5B0D31241D8AECDF00CF47CF /* hehe.js in Resources */,
				5BED4D1A1D89A263009220B8 /* main.js in Resources */,
				5BED4D011D899F00009220B8 /* template.js in Resources */,
				5BED4CEF1D899EB7009220B8 /* LaunchScreen.storyboard in Resources */,
				5BED4CFF1D899F00009220B8 /* hello.js in Resources */,
				5BED4CEC1D899EB7009220B8 /* Assets.xcassets in Resources */,
				5BED4D031D899F00009220B8 /* video-demo.js in Resources */,
				5BED4D001D899F00009220B8 /* index.js in Resources */,
				5BED4CEA1D899EB7009220B8 /* Main.storyboard in Resources */,
				5BED4D021D899F00009220B8 /* text-demo.js in Resources */,
				5BED4D041D899F00009220B8 /* web-demo.js in Resources */,
				5BED4CFE1D899F00009220B8 /* animation.js in Resources */,
			);
			runOnlyForDeploymentPostprocessing = 0;
		};
/* End PBXResourcesBuildPhase section */

/* Begin PBXSourcesBuildPhase section */
		5BED4CD81D899EB7009220B8 /* Sources */ = {
			isa = PBXSourcesBuildPhase;
			buildActionMask = 2147483647;
			files = (
				5BED4D181D89A13D009220B8 /* SRWebSocket.m in Sources */,
				5B0D318C1D8AFF2500CF47CF /* UIImageView+HighlightedWebCache.m in Sources */,
				5B0D318D1D8AFF2500CF47CF /* UIImageView+WebCache.m in Sources */,
				5B0D318B1D8AFF2500CF47CF /* UIImage+WebP.m in Sources */,
				5B0D31871D8AFF2500CF47CF /* SDWebImagePrefetcher.m in Sources */,
				5B0D31291D8AEF6100CF47CF /* ImageDownloadder.m in Sources */,
				5B0D31831D8AFF2500CF47CF /* SDWebImageDecoder.m in Sources */,
				5B0D31841D8AFF2500CF47CF /* SDWebImageDownloader.m in Sources */,
				5BED4CE71D899EB7009220B8 /* ViewController.m in Sources */,
				5B0D31861D8AFF2500CF47CF /* SDWebImageManager.m in Sources */,
				5B0D318E1D8AFF2500CF47CF /* UIView+WebCacheOperation.m in Sources */,
				5B0D31881D8AFF2500CF47CF /* UIButton+WebCache.m in Sources */,
				5B0D318A1D8AFF2500CF47CF /* UIImage+MultiFormat.m in Sources */,
				5BED4CE41D899EB7009220B8 /* AppDelegate.m in Sources */,
				5B0D31851D8AFF2500CF47CF /* SDWebImageDownloaderOperation.m in Sources */,
				5B0D31891D8AFF2500CF47CF /* UIImage+GIF.m in Sources */,
				5B0D31821D8AFF2500CF47CF /* SDWebImageCompat.m in Sources */,
				5B0D31801D8AFF2500CF47CF /* NSData+ImageContentType.m in Sources */,
				5BED4CE11D899EB7009220B8 /* main.m in Sources */,
				5B0D317F1D8AFF2500CF47CF /* MKAnnotationView+WebCache.m in Sources */,
				5B0D31811D8AFF2500CF47CF /* SDImageCache.m in Sources */,
			);
			runOnlyForDeploymentPostprocessing = 0;
		};
/* End PBXSourcesBuildPhase section */

/* Begin PBXVariantGroup section */
		5BED4CE81D899EB7009220B8 /* Main.storyboard */ = {
			isa = PBXVariantGroup;
			children = (
				5BED4CE91D899EB7009220B8 /* Base */,
			);
			name = Main.storyboard;
			sourceTree = "<group>";
		};
		5BED4CED1D899EB7009220B8 /* LaunchScreen.storyboard */ = {
			isa = PBXVariantGroup;
			children = (
				5BED4CEE1D899EB7009220B8 /* Base */,
			);
			name = LaunchScreen.storyboard;
			sourceTree = "<group>";
		};
/* End PBXVariantGroup section */

/* Begin XCBuildConfiguration section */
		5BED4CF11D899EB7009220B8 /* Debug */ = {
			isa = XCBuildConfiguration;
			buildSettings = {
				ALWAYS_SEARCH_USER_PATHS = NO;
				CLANG_ANALYZER_NONNULL = YES;
				CLANG_CXX_LANGUAGE_STANDARD = "gnu++0x";
				CLANG_CXX_LIBRARY = "libc++";
				CLANG_ENABLE_MODULES = YES;
				CLANG_ENABLE_OBJC_ARC = YES;
				CLANG_WARN_BOOL_CONVERSION = YES;
				CLANG_WARN_CONSTANT_CONVERSION = YES;
				CLANG_WARN_DIRECT_OBJC_ISA_USAGE = YES_ERROR;
				CLANG_WARN_EMPTY_BODY = YES;
				CLANG_WARN_ENUM_CONVERSION = YES;
				CLANG_WARN_INT_CONVERSION = YES;
				CLANG_WARN_OBJC_ROOT_CLASS = YES_ERROR;
				CLANG_WARN_UNREACHABLE_CODE = YES;
				CLANG_WARN__DUPLICATE_METHOD_MATCH = YES;
				"CODE_SIGN_IDENTITY[sdk=iphoneos*]" = "iPhone Developer";
				COPY_PHASE_STRIP = NO;
				DEBUG_INFORMATION_FORMAT = dwarf;
				ENABLE_STRICT_OBJC_MSGSEND = YES;
				ENABLE_TESTABILITY = YES;
				GCC_C_LANGUAGE_STANDARD = gnu99;
				GCC_DYNAMIC_NO_PIC = NO;
				GCC_NO_COMMON_BLOCKS = YES;
				GCC_OPTIMIZATION_LEVEL = 0;
				GCC_PREPROCESSOR_DEFINITIONS = (
					"DEBUG=1",
					"$(inherited)",
				);
				GCC_WARN_64_TO_32_BIT_CONVERSION = YES;
				GCC_WARN_ABOUT_RETURN_TYPE = YES_ERROR;
				GCC_WARN_UNDECLARED_SELECTOR = YES;
				GCC_WARN_UNINITIALIZED_AUTOS = YES_AGGRESSIVE;
				GCC_WARN_UNUSED_FUNCTION = YES;
				GCC_WARN_UNUSED_VARIABLE = YES;
				IPHONEOS_DEPLOYMENT_TARGET = 9.3;
				MTL_ENABLE_DEBUG_INFO = YES;
				ONLY_ACTIVE_ARCH = YES;
				SDKROOT = iphoneos;
			};
			name = Debug;
		};
		5BED4CF21D899EB7009220B8 /* Release */ = {
			isa = XCBuildConfiguration;
			buildSettings = {
				ALWAYS_SEARCH_USER_PATHS = NO;
				CLANG_ANALYZER_NONNULL = YES;
				CLANG_CXX_LANGUAGE_STANDARD = "gnu++0x";
				CLANG_CXX_LIBRARY = "libc++";
				CLANG_ENABLE_MODULES = YES;
				CLANG_ENABLE_OBJC_ARC = YES;
				CLANG_WARN_BOOL_CONVERSION = YES;
				CLANG_WARN_CONSTANT_CONVERSION = YES;
				CLANG_WARN_DIRECT_OBJC_ISA_USAGE = YES_ERROR;
				CLANG_WARN_EMPTY_BODY = YES;
				CLANG_WARN_ENUM_CONVERSION = YES;
				CLANG_WARN_INT_CONVERSION = YES;
				CLANG_WARN_OBJC_ROOT_CLASS = YES_ERROR;
				CLANG_WARN_UNREACHABLE_CODE = YES;
				CLANG_WARN__DUPLICATE_METHOD_MATCH = YES;
				"CODE_SIGN_IDENTITY[sdk=iphoneos*]" = "iPhone Developer";
				COPY_PHASE_STRIP = NO;
				DEBUG_INFORMATION_FORMAT = "dwarf-with-dsym";
				ENABLE_NS_ASSERTIONS = NO;
				ENABLE_STRICT_OBJC_MSGSEND = YES;
				GCC_C_LANGUAGE_STANDARD = gnu99;
				GCC_NO_COMMON_BLOCKS = YES;
				GCC_WARN_64_TO_32_BIT_CONVERSION = YES;
				GCC_WARN_ABOUT_RETURN_TYPE = YES_ERROR;
				GCC_WARN_UNDECLARED_SELECTOR = YES;
				GCC_WARN_UNINITIALIZED_AUTOS = YES_AGGRESSIVE;
				GCC_WARN_UNUSED_FUNCTION = YES;
				GCC_WARN_UNUSED_VARIABLE = YES;
				IPHONEOS_DEPLOYMENT_TARGET = 9.3;
				MTL_ENABLE_DEBUG_INFO = NO;
				SDKROOT = iphoneos;
				VALIDATE_PRODUCT = YES;
			};
			name = Release;
		};
		5BED4CF41D899EB7009220B8 /* Debug */ = {
			isa = XCBuildConfiguration;
			buildSettings = {
				ASSETCATALOG_COMPILER_APPICON_NAME = AppIcon;
				FRAMEWORK_SEARCH_PATHS = (
					"$(inherited)",
					"$(PROJECT_DIR)/lib",
				);
				INFOPLIST_FILE = WeexDemo/Info.plist;
				LD_RUNPATH_SEARCH_PATHS = "$(inherited) $(PROJECT_DIR)/lib $(PROJECT_DIR)";
				OTHER_LDFLAGS = "-ObjC";
				PRODUCT_BUNDLE_IDENTIFIER = com.voidxin.WeexDemo;
				PRODUCT_NAME = "$(TARGET_NAME)";
			};
			name = Debug;
		};
		5BED4CF51D899EB7009220B8 /* Release */ = {
			isa = XCBuildConfiguration;
			buildSettings = {
				ASSETCATALOG_COMPILER_APPICON_NAME = AppIcon;
				FRAMEWORK_SEARCH_PATHS = (
					"$(inherited)",
					"$(PROJECT_DIR)/lib",
				);
				INFOPLIST_FILE = WeexDemo/Info.plist;
				LD_RUNPATH_SEARCH_PATHS = "$(inherited) $(PROJECT_DIR)/lib $(PROJECT_DIR)";
				OTHER_LDFLAGS = "-ObjC";
				PRODUCT_BUNDLE_IDENTIFIER = com.voidxin.WeexDemo;
				PRODUCT_NAME = "$(TARGET_NAME)";
			};
			name = Release;
		};
/* End XCBuildConfiguration section */

/* Begin XCConfigurationList section */
		5BED4CD71D899EB7009220B8 /* Build configuration list for PBXProject "WeexDemo" */ = {
			isa = XCConfigurationList;
			buildConfigurations = (
				5BED4CF11D899EB7009220B8 /* Debug */,
				5BED4CF21D899EB7009220B8 /* Release */,
			);
			defaultConfigurationIsVisible = 0;
			defaultConfigurationName = Release;
		};
		5BED4CF31D899EB7009220B8 /* Build configuration list for PBXNativeTarget "WeexDemo" */ = {
			isa = XCConfigurationList;
			buildConfigurations = (
				5BED4CF41D899EB7009220B8 /* Debug */,
				5BED4CF51D899EB7009220B8 /* Release */,
			);
			defaultConfigurationIsVisible = 0;
			defaultConfigurationName = Release;
		};
/* End XCConfigurationList section */
	};
	rootObject = 5BED4CD41D899EB7009220B8 /* Project object */;
}
